
Microsoft Visual Studio Solution File, Format Version 11.00
# Visual Studio 2010
Project("{FAE04EC0-301F-11D3-BF4B-00C04F79EFBC}") = "PIS-1_console_app", "PIS-1_console_app\PIS-1_console_app.csproj", "{7EECA693-C794-4D7E-A9B5-E351F2178987}"
EndProject
Global
	GlobalSection(SolutionConfigurationPlatforms) = preSolution
		Debug|x86 = Debug|x86
		Release|x86 = Release|x86
	EndGlobalSection
	GlobalSection(ProjectConfigurationPlatforms) = postSolution
		{7EECA693-C794-4D7E-A9B5-E351F2178987}.Debug|x86.ActiveCfg = Debug|x86
		{7EECA693-C794-4D7E-A9B5-E351F2178987}.Debug|x86.Build.0 = Debug|x86
		{7EECA693-C794-4D7E-A9B5-E351F2178987}.Release|x86.ActiveCfg = Release|x86
		{7EECA693-C794-4D7E-A9B5-E351F2178987}.Release|x86.Build.0 = Release|x86
	EndGlobalSection
	GlobalSection(SolutionProperties) = preSolution
		HideSolutionNode = FALSE
	EndGlobalSection
EndGlobal
